
Microsoft Visual Studio Solution File, Format Version 12.00
# Visual Studio Version 16
VisualStudioVersion = 16.0.30523.141
MinimumVisualStudioVersion = 10.0.40219.1
Project("{FAE04EC0-301F-11D3-BF4B-00C04F79EFBC}") = "GitHub-Teste", "GitHub-Teste\GitHub-Teste.csproj", "{884EE0D5-FA73-453C-B2DA-6F7E50AEE1D2}"
EndProject
Global
	GlobalSection(SolutionConfigurationPlatforms) = preSolution
		Debug|Any CPU = Debug|Any CPU
		Release|Any CPU = Release|Any CPU
	EndGlobalSection
	GlobalSection(ProjectConfigurationPlatforms) = postSolution
		{884EE0D5-FA73-453C-B2DA-6F7E50AEE1D2}.Debug|Any CPU.ActiveCfg = Debug|Any CPU
		{884EE0D5-FA73-453C-B2DA-6F7E50AEE1D2}.Debug|Any CPU.Build.0 = Debug|Any CPU
		{884EE0D5-FA73-453C-B2DA-6F7E50AEE1D2}.Release|Any CPU.ActiveCfg = Release|Any CPU
		{884EE0D5-FA73-453C-B2DA-6F7E50AEE1D2}.Release|Any CPU.Build.0 = Release|Any CPU
	EndGlobalSection
	GlobalSection(SolutionProperties) = preSolution
		HideSolutionNode = FALSE
	EndGlobalSection
	GlobalSection(ExtensibilityGlobals) = postSolution
		SolutionGuid = {8FA728A2-96D9-4CCF-9BAF-9B285282C56E}
	EndGlobalSection
EndGlobal
